Microsoft Visual Studio Solution File, Format Version 12.00
# Visual Studio Version 17
VisualStudioVersion = 17.5.2.0
MinimumVisualStudioVersion = 10.0.40219.1
Project("{FAE04EC0-301F-11D3-BF4B-00C04F79EFBC}") = "ClasseConta", "ClasseConta\ClasseConta.csproj", "{E9038A69-D0D0-9428-86CB-484477ED11D4}"
EndProject
Project("{FAE04EC0-301F-11D3-BF4B-00C04F79EFBC}") = "Revisao", "Revisao\Revisao.csproj", "{8BE14FE0-7F55-DF38-BC51-AF54B4036D2E}"
EndProject
Global
	GlobalSection(SolutionConfigurationPlatforms) = preSolution
		Debug|Any CPU = Debug|Any CPU
		Release|Any CPU = Release|Any CPU
	EndGlobalSection
	GlobalSection(ProjectConfigurationPlatforms) = postSolution
		{E9038A69-D0D0-9428-86CB-484477ED11D4}.Debug|Any CPU.ActiveCfg = Debug|Any CPU
		{E9038A69-D0D0-9428-86CB-484477ED11D4}.Debug|Any CPU.Build.0 = Debug|Any CPU
		{E9038A69-D0D0-9428-86CB-484477ED11D4}.Release|Any CPU.ActiveCfg = Release|Any CPU
		{E9038A69-D0D0-9428-86CB-484477ED11D4}.Release|Any CPU.Build.0 = Release|Any CPU
		{8BE14FE0-7F55-DF38-BC51-AF54B4036D2E}.Debug|Any CPU.ActiveCfg = Debug|Any CPU
		{8BE14FE0-7F55-DF38-BC51-AF54B4036D2E}.Debug|Any CPU.Build.0 = Debug|Any CPU
		{8BE14FE0-7F55-DF38-BC51-AF54B4036D2E}.Release|Any CPU.ActiveCfg = Release|Any CPU
		{8BE14FE0-7F55-DF38-BC51-AF54B4036D2E}.Release|Any CPU.Build.0 = Release|Any CPU
	EndGlobalSection
	GlobalSection(SolutionProperties) = preSolution
		HideSolutionNode = FALSE
	EndGlobalSection
	GlobalSection(ExtensibilityGlobals) = postSolution
		SolutionGuid = {E4A35AE2-BBA7-424D-BC00-04232AA5054F}
	EndGlobalSection
EndGlobal
